
Microsoft Visual Studio Solution File, Format Version 12.00
# Visual Studio Version 17
VisualStudioVersion = 17.11.35312.102
MinimumVisualStudioVersion = 10.0.40219.1
Project("{FAE04EC0-301F-11D3-BF4B-00C04F79EFBC}") = "StocksApplication", "StocksApplication\StocksApplication.csproj", "{EFED491D-5423-45F5-AF0C-8FD57F23BEC9}"
EndProject
Global
	GlobalSection(SolutionConfigurationPlatforms) = preSolution
		Debug|Any CPU = Debug|Any CPU
		Release|Any CPU = Release|Any CPU
	EndGlobalSection
	GlobalSection(ProjectConfigurationPlatforms) = postSolution
		{EFED491D-5423-45F5-AF0C-8FD57F23BEC9}.Debug|Any CPU.ActiveCfg = Debug|Any CPU
		{EFED491D-5423-45F5-AF0C-8FD57F23BEC9}.Debug|Any CPU.Build.0 = Debug|Any CPU
		{EFED491D-5423-45F5-AF0C-8FD57F23BEC9}.Release|Any CPU.ActiveCfg = Release|Any CPU
		{EFED491D-5423-45F5-AF0C-8FD57F23BEC9}.Release|Any CPU.Build.0 = Release|Any CPU
	EndGlobalSection
	GlobalSection(SolutionProperties) = preSolution
		HideSolutionNode = FALSE
	EndGlobalSection
	GlobalSection(ExtensibilityGlobals) = postSolution
		SolutionGuid = {71597BDA-CF8C-4B35-B812-2A54AD238E39}
	EndGlobalSection
EndGlobal
